// !$*UTF8*$!
{
	archiveVersion = 1;
	classes = {
	};
	objectVersion = 46;
	objects = {

/* Begin PBXBuildFile section */
		8FEAB5AFD2F17AD67ADAE527 /* Pods_MVVM_RAC_2.framework in Frameworks */ = {isa = PBXBuildFile; fileRef = 7960134931C7F9FD941B2762 /* Pods_MVVM_RAC_2.framework */; };
		A84DD51B1E67B6FE00650EE4 /* BaseViewController.m in Sources */ = {isa = PBXBuildFile; fileRef = A84DD5141E67B6FE00650EE4 /* BaseViewController.m */; };
		A84DD51C1E67B6FE00650EE4 /* NMFNavigationController.m in Sources */ = {isa = PBXBuildFile; fileRef = A84DD5161E67B6FE00650EE4 /* NMFNavigationController.m */; };
		A84DD51D1E67B6FE00650EE4 /* RootViewController.m in Sources */ = {isa = PBXBuildFile; fileRef = A84DD5181E67B6FE00650EE4 /* RootViewController.m */; };
		A84DD5211E67B72400650EE4 /* NMFBaseViewModel.m in Sources */ = {isa = PBXBuildFile; fileRef = A84DD5201E67B72400650EE4 /* NMFBaseViewModel.m */; };
		A84DD5241E67B8EB00650EE4 /* NMFHomeViewModel.m in Sources */ = {isa = PBXBuildFile; fileRef = A84DD5231E67B8EB00650EE4 /* NMFHomeViewModel.m */; };
		A84DD5281E67BB3A00650EE4 /* NMFCategoryViewModel.m in Sources */ = {isa = PBXBuildFile; fileRef = A84DD5271E67BB3A00650EE4 /* NMFCategoryViewModel.m */; };
		A84DD52B1E67BB6400650EE4 /* NMFFoundViewModel.m in Sources */ = {isa = PBXBuildFile; fileRef = A84DD52A1E67BB6400650EE4 /* NMFFoundViewModel.m */; };
		A84DD52E1E67BB8300650EE4 /* NMFShoppingCartViewModel.m in Sources */ = {isa = PBXBuildFile; fileRef = A84DD52D1E67BB8300650EE4 /* NMFShoppingCartViewModel.m */; };
		A84DD5311E67BBB800650EE4 /* NMFMeViewModel.m in Sources */ = {isa = PBXBuildFile; fileRef = A84DD5301E67BBB800650EE4 /* NMFMeViewModel.m */; };
		A84DD55F1E67F62D00650EE4 /* IQNSArray+Sort.m in Sources */ = {isa = PBXBuildFile; fileRef = A84DD53D1E67F62D00650EE4 /* IQNSArray+Sort.m */; };
		A84DD5601E67F62D00650EE4 /* IQUITextFieldView+Additions.m in Sources */ = {isa = PBXBuildFile; fileRef = A84DD53F1E67F62D00650EE4 /* IQUITextFieldView+Additions.m */; };
		A84DD5611E67F62D00650EE4 /* IQUIView+Hierarchy.m in Sources */ = {isa = PBXBuildFile; fileRef = A84DD5411E67F62D00650EE4 /* IQUIView+Hierarchy.m */; };
		A84DD5621E67F62D00650EE4 /* IQUIViewController+Additions.m in Sources */ = {isa = PBXBuildFile; fileRef = A84DD5431E67F62D00650EE4 /* IQUIViewController+Additions.m */; };
		A84DD5631E67F62D00650EE4 /* IQUIWindow+Hierarchy.m in Sources */ = {isa = PBXBuildFile; fileRef = A84DD5451E67F62D00650EE4 /* IQUIWindow+Hierarchy.m */; };
		A84DD5641E67F62D00650EE4 /* IQKeyboardManager.m in Sources */ = {isa = PBXBuildFile; fileRef = A84DD54A1E67F62D00650EE4 /* IQKeyboardManager.m */; };
		A84DD5651E67F62D00650EE4 /* IQKeyboardReturnKeyHandler.m in Sources */ = {isa = PBXBuildFile; fileRef = A84DD54C1E67F62D00650EE4 /* IQKeyboardReturnKeyHandler.m */; };
		A84DD5661E67F62D00650EE4 /* IQSegmentedNextPrevious.m in Sources */ = {isa = PBXBuildFile; fileRef = A84DD54F1E67F62D00650EE4 /* IQSegmentedNextPrevious.m */; };
		A84DD5671E67F62D00650EE4 /* IQTextView.m in Sources */ = {isa = PBXBuildFile; fileRef = A84DD5521E67F62D00650EE4 /* IQTextView.m */; };
		A84DD5681E67F62D00650EE4 /* IQBarButtonItem.m in Sources */ = {isa = PBXBuildFile; fileRef = A84DD5551E67F62D00650EE4 /* IQBarButtonItem.m */; };
		A84DD5691E67F62D00650EE4 /* IQTitleBarButtonItem.m in Sources */ = {isa = PBXBuildFile; fileRef = A84DD5571E67F62D00650EE4 /* IQTitleBarButtonItem.m */; };
		A84DD56A1E67F62D00650EE4 /* IQToolbar.m in Sources */ = {isa = PBXBuildFile; fileRef = A84DD5591E67F62D00650EE4 /* IQToolbar.m */; };
		A84DD56B1E67F62D00650EE4 /* IQUIView+IQKeyboardToolbar.m in Sources */ = {isa = PBXBuildFile; fileRef = A84DD55B1E67F62D00650EE4 /* IQUIView+IQKeyboardToolbar.m */; };
		A84DD56C1E67F62D00650EE4 /* IQKeyboardManager.bundle in Resources */ = {isa = PBXBuildFile; fileRef = A84DD55E1E67F62D00650EE4 /* IQKeyboardManager.bundle */; };
		A84DD56F1E67F6AC00650EE4 /* UIButton+NMFBtn.m in Sources */ = {isa = PBXBuildFile; fileRef = A84DD56E1E67F6AC00650EE4 /* UIButton+NMFBtn.m */; };
		A865FCBB1E6E529100A20DFF /* NMFUser.m in Sources */ = {isa = PBXBuildFile; fileRef = A865FCBA1E6E529100A20DFF /* NMFUser.m */; };
		A865FCBE1E6E54ED00A20DFF /* NMFAddress.m in Sources */ = {isa = PBXBuildFile; fileRef = A865FCBD1E6E54ED00A20DFF /* NMFAddress.m */; };
		A865FCC11E6E608300A20DFF /* NMFLoginViewModel.m in Sources */ = {isa = PBXBuildFile; fileRef = A865FCC01E6E608300A20DFF /* NMFLoginViewModel.m */; };
		A865FCC41E6E62F000A20DFF /* NMFViewModelNavigationImpl.m in Sources */ = {isa = PBXBuildFile; fileRef = A865FCC31E6E62F000A20DFF /* NMFViewModelNavigationImpl.m */; };
		A876438C1E66C1C10038BF4F /* main.m in Sources */ = {isa = PBXBuildFile; fileRef = A876438B1E66C1C10038BF4F /* main.m */; };
		A876438F1E66C1C10038BF4F /* AppDelegate.m in Sources */ = {isa = PBXBuildFile; fileRef = A876438E1E66C1C10038BF4F /* AppDelegate.m */; };
		A87643971E66C1C10038BF4F /* Assets.xcassets in Resources */ = {isa = PBXBuildFile; fileRef = A87643961E66C1C10038BF4F /* Assets.xcassets */; };
		A876439A1E66C1C10038BF4F /* LaunchScreen.storyboard in Resources */ = {isa = PBXBuildFile; fileRef = A87643981E66C1C10038BF4F /* LaunchScreen.storyboard */; };
		A87644001E66CA950038BF4F /* NMFHomeViewController.m in Sources */ = {isa = PBXBuildFile; fileRef = A87643FF1E66CA950038BF4F /* NMFHomeViewController.m */; };
		A87644031E66CAB90038BF4F /* NMFFoundViewController.m in Sources */ = {isa = PBXBuildFile; fileRef = A87644021E66CAB90038BF4F /* NMFFoundViewController.m */; };
		A87644061E66CACE0038BF4F /* NMFMeViewController.m in Sources */ = {isa = PBXBuildFile; fileRef = A87644051E66CACE0038BF4F /* NMFMeViewController.m */; };
		A87644091E66CB100038BF4F /* NMFShoppingCartViewController.m in Sources */ = {isa = PBXBuildFile; fileRef = A87644081E66CB100038BF4F /* NMFShoppingCartViewController.m */; };
		A876440C1E66CB390038BF4F /* NMFCategoryViewController.m in Sources */ = {isa = PBXBuildFile; fileRef = A876440B1E66CB390038BF4F /* NMFCategoryViewController.m */; };
		A8D05EB01E6D3E88008B251B /* NMFMeHeaderView.m in Sources */ = {isa = PBXBuildFile; fileRef = A8D05EAF1E6D3E88008B251B /* NMFMeHeaderView.m */; };
		A8D7261E1E67FA80004686B6 /* UIColor+Hex.m in Sources */ = {isa = PBXBuildFile; fileRef = A8D7261D1E67FA80004686B6 /* UIColor+Hex.m */; };
		A8D726211E67FCAA004686B6 /* UIFont+NMF.m in Sources */ = {isa = PBXBuildFile; fileRef = A8D726201E67FCAA004686B6 /* UIFont+NMF.m */; };
		A8D726241E67FF13004686B6 /* UILabel+NMF.m in Sources */ = {isa = PBXBuildFile; fileRef = A8D726231E67FF13004686B6 /* UILabel+NMF.m */; };
		A8D726271E6800A0004686B6 /* UITextField+NMF.m in Sources */ = {isa = PBXBuildFile; fileRef = A8D726261E6800A0004686B6 /* UITextField+NMF.m */; };
		A8D7262A1E680243004686B6 /* UIImage+NMF.m in Sources */ = {isa = PBXBuildFile; fileRef = A8D726291E680243004686B6 /* UIImage+NMF.m */; };
		A8D7262E1E680AB3004686B6 /* NMFMeTableViewCell.m in Sources */ = {isa = PBXBuildFile; fileRef = A8D7262C1E680AB3004686B6 /* NMFMeTableViewCell.m */; };
		A8D7262F1E680AB3004686B6 /* NMFMeTableViewCell.xib in Resources */ = {isa = PBXBuildFile; fileRef = A8D7262D1E680AB3004686B6 /* NMFMeTableViewCell.xib */; };
		A8F2BA1A1E77C31C0039DDF9 /* MeBtn.m in Sources */ = {isa = PBXBuildFile; fileRef = A8F2BA191E77C31C0039DDF9 /* MeBtn.m */; };
/* End PBXBuildFile section */

/* Begin PBXFileReference section */
		7960134931C7F9FD941B2762 /* Pods_MVVM_RAC_2.framework */ = {isa = PBXFileReference; explicitFileType = wrapper.framework; includeInIndex = 0; path = Pods_MVVM_RAC_2.framework; sourceTree = BUILT_PRODUCTS_DIR; };
		9AEDE551782B86EA754BCFD5 /* Pods-MVVM-RAC-2.release.xcconfig */ = {isa = PBXFileReference; includeInIndex = 1; lastKnownFileType = text.xcconfig; name = "Pods-MVVM-RAC-2.release.xcconfig"; path = "Pods/Target Support Files/Pods-MVVM-RAC-2/Pods-MVVM-RAC-2.release.xcconfig"; sourceTree = "<group>"; };
		A84DD5131E67B6FE00650EE4 /* BaseViewController.h */ = {isa = PBXFileReference; fileEncoding = 4; lastKnownFileType = sourcecode.c.h; path = BaseViewController.h; sourceTree = "<group>"; };
		A84DD5141E67B6FE00650EE4 /* BaseViewController.m */ = {isa = PBXFileReference; fileEncoding = 4; lastKnownFileType = sourcecode.c.objc; path = BaseViewController.m; sourceTree = "<group>"; };
		A84DD5151E67B6FE00650EE4 /* NMFNavigationController.h */ = {isa = PBXFileReference; fileEncoding = 4; lastKnownFileType = sourcecode.c.h; path = NMFNavigationController.h; sourceTree = "<group>"; };
		A84DD5161E67B6FE00650EE4 /* NMFNavigationController.m */ = {isa = PBXFileReference; fileEncoding = 4; lastKnownFileType = sourcecode.c.objc; path = NMFNavigationController.m; sourceTree = "<group>"; };
		A84DD5171E67B6FE00650EE4 /* RootViewController.h */ = {isa = PBXFileReference; fileEncoding = 4; lastKnownFileType = sourcecode.c.h; path = RootViewController.h; sourceTree = "<group>"; };
		A84DD5181E67B6FE00650EE4 /* RootViewController.m */ = {isa = PBXFileReference; fileEncoding = 4; lastKnownFileType = sourcecode.c.objc; path = RootViewController.m; sourceTree = "<group>"; };
		A84DD51F1E67B72400650EE4 /* NMFBaseViewModel.h */ = {isa = PBXFileReference; fileEncoding = 4; lastKnownFileType = sourcecode.c.h; path = NMFBaseViewModel.h; sourceTree = "<group>"; };
		A84DD5201E67B72400650EE4 /* NMFBaseViewModel.m */ = {isa = PBXFileReference; fileEncoding = 4; lastKnownFileType = sourcecode.c.objc; path = NMFBaseViewModel.m; sourceTree = "<group>"; };
		A84DD5221E67B8EB00650EE4 /* NMFHomeViewModel.h */ = {isa = PBXFileReference; fileEncoding = 4; lastKnownFileType = sourcecode.c.h; path = NMFHomeViewModel.h; sourceTree = "<group>"; };
		A84DD5231E67B8EB00650EE4 /* NMFHomeViewModel.m */ = {isa = PBXFileReference; fileEncoding = 4; lastKnownFileType = sourcecode.c.objc; path = NMFHomeViewModel.m; sourceTree = "<group>"; };
		A84DD5251E67B94900650EE4 /* NMFViewModelServices.h */ = {isa = PBXFileReference; fileEncoding = 4; lastKnownFileType = sourcecode.c.h; path = NMFViewModelServices.h; sourceTree = "<group>"; };
		A84DD5261E67BB3A00650EE4 /* NMFCategoryViewModel.h */ = {isa = PBXFileReference; fileEncoding = 4; lastKnownFileType = sourcecode.c.h; path = NMFCategoryViewModel.h; sourceTree = "<group>"; };
		A84DD5271E67BB3A00650EE4 /* NMFCategoryViewModel.m */ = {isa = PBXFileReference; fileEncoding = 4; lastKnownFileType = sourcecode.c.objc; path = NMFCategoryViewModel.m; sourceTree = "<group>"; };
		A84DD5291E67BB6400650EE4 /* NMFFoundViewModel.h */ = {isa = PBXFileReference; fileEncoding = 4; lastKnownFileType = sourcecode.c.h; path = NMFFoundViewModel.h; sourceTree = "<group>"; };
		A84DD52A1E67BB6400650EE4 /* NMFFoundViewModel.m */ = {isa = PBXFileReference; fileEncoding = 4; lastKnownFileType = sourcecode.c.objc; path = NMFFoundViewModel.m; sourceTree = "<group>"; };
		A84DD52C1E67BB8300650EE4 /* NMFShoppingCartViewModel.h */ = {isa = PBXFileReference; fileEncoding = 4; lastKnownFileType = sourcecode.c.h; path = NMFShoppingCartViewModel.h; sourceTree = "<group>"; };
		A84DD52D1E67BB8300650EE4 /* NMFShoppingCartViewModel.m */ = {isa = PBXFileReference; fileEncoding = 4; lastKnownFileType = sourcecode.c.objc; path = NMFShoppingCartViewModel.m; sourceTree = "<group>"; };
		A84DD52F1E67BBB800650EE4 /* NMFMeViewModel.h */ = {isa = PBXFileReference; fileEncoding = 4; lastKnownFileType = sourcecode.c.h; path = NMFMeViewModel.h; sourceTree = "<group>"; };
		A84DD5301E67BBB800650EE4 /* NMFMeViewModel.m */ = {isa = PBXFileReference; fileEncoding = 4; lastKnownFileType = sourcecode.c.objc; path = NMFMeViewModel.m; sourceTree = "<group>"; };
		A84DD5341E67C11200650EE4 /* NMFColorHeader.h */ = {isa = PBXFileReference; lastKnownFileType = sourcecode.c.h; path = NMFColorHeader.h; sourceTree = "<group>"; };
		A84DD5381E67F3E900650EE4 /* NMFMacro.h */ = {isa = PBXFileReference; lastKnownFileType = sourcecode.c.h; path = NMFMacro.h; sourceTree = "<group>"; };
		A84DD5391E67F3F000650EE4 /* NMFURLMacro.h */ = {isa = PBXFileReference; lastKnownFileType = sourcecode.c.h; path = NMFURLMacro.h; sourceTree = "<group>"; };
		A84DD53C1E67F62D00650EE4 /* IQNSArray+Sort.h */ = {isa = PBXFileReference; fileEncoding = 4; lastKnownFileType = sourcecode.c.h; path = "IQNSArray+Sort.h"; sourceTree = "<group>"; };
		A84DD53D1E67F62D00650EE4 /* IQNSArray+Sort.m */ = {isa = PBXFileReference; fileEncoding = 4; lastKnownFileType = sourcecode.c.objc; path = "IQNSArray+Sort.m"; sourceTree = "<group>"; };
		A84DD53E1E67F62D00650EE4 /* IQUITextFieldView+Additions.h */ = {isa = PBXFileReference; fileEncoding = 4; lastKnownFileType = sourcecode.c.h; path = "IQUITextFieldView+Additions.h"; sourceTree = "<group>"; };
		A84DD53F1E67F62D00650EE4 /* IQUITextFieldView+Additions.m */ = {isa = PBXFileReference; fileEncoding = 4; lastKnownFileType = sourcecode.c.objc; path = "IQUITextFieldView+Additions.m"; sourceTree = "<group>"; };
		A84DD5401E67F62D00650EE4 /* IQUIView+Hierarchy.h */ = {isa = PBXFileReference; fileEncoding = 4; lastKnownFileType = sourcecode.c.h; path = "IQUIView+Hierarchy.h"; sourceTree = "<group>"; };
		A84DD5411E67F62D00650EE4 /* IQUIView+Hierarchy.m */ = {isa = PBXFileReference; fileEncoding = 4; lastKnownFileType = sourcecode.c.objc; path = "IQUIView+Hierarchy.m"; sourceTree = "<group>"; };
		A84DD5421E67F62D00650EE4 /* IQUIViewController+Additions.h */ = {isa = PBXFileReference; fileEncoding = 4; lastKnownFileType = sourcecode.c.h; path = "IQUIViewController+Additions.h"; sourceTree = "<group>"; };
		A84DD5431E67F62D00650EE4 /* IQUIViewController+Additions.m */ = {isa = PBXFileReference; fileEncoding = 4; lastKnownFileType = sourcecode.c.objc; path = "IQUIViewController+Additions.m"; sourceTree = "<group>"; };
		A84DD5441E67F62D00650EE4 /* IQUIWindow+Hierarchy.h */ = {isa = PBXFileReference; fileEncoding = 4; lastKnownFileType = sourcecode.c.h; path = "IQUIWindow+Hierarchy.h"; sourceTree = "<group>"; };
		A84DD5451E67F62D00650EE4 /* IQUIWindow+Hierarchy.m */ = {isa = PBXFileReference; fileEncoding = 4; lastKnownFileType = sourcecode.c.objc; path = "IQUIWindow+Hierarchy.m"; sourceTree = "<group>"; };
		A84DD5471E67F62D00650EE4 /* IQKeyboardManagerConstants.h */ = {isa = PBXFileReference; fileEncoding = 4; lastKnownFileType = sourcecode.c.h; path = IQKeyboardManagerConstants.h; sourceTree = "<group>"; };
		A84DD5481E67F62D00650EE4 /* IQKeyboardManagerConstantsInternal.h */ = {isa = PBXFileReference; fileEncoding = 4; lastKnownFileType = sourcecode.c.h; path = IQKeyboardManagerConstantsInternal.h; sourceTree = "<group>"; };
		A84DD5491E67F62D00650EE4 /* IQKeyboardManager.h */ = {isa = PBXFileReference; fileEncoding = 4; lastKnownFileType = sourcecode.c.h; path = IQKeyboardManager.h; sourceTree = "<group>"; };
		A84DD54A1E67F62D00650EE4 /* IQKeyboardManager.m */ = {isa = PBXFileReference; fileEncoding = 4; lastKnownFileType = sourcecode.c.objc; path = IQKeyboardManager.m; sourceTree = "<group>"; };
		A84DD54B1E67F62D00650EE4 /* IQKeyboardReturnKeyHandler.h */ = {isa = PBXFileReference; fileEncoding = 4; lastKnownFileType = sourcecode.c.h; path = IQKeyboardReturnKeyHandler.h; sourceTree = "<group>"; };
		A84DD54C1E67F62D00650EE4 /* IQKeyboardReturnKeyHandler.m */ = {isa = PBXFileReference; fileEncoding = 4; lastKnownFileType = sourcecode.c.objc; path = IQKeyboardReturnKeyHandler.m; sourceTree = "<group>"; };
		A84DD54E1E67F62D00650EE4 /* IQSegmentedNextPrevious.h */ = {isa = PBXFileReference; fileEncoding = 4; lastKnownFileType = sourcecode.c.h; path = IQSegmentedNextPrevious.h; sourceTree = "<group>"; };
		A84DD54F1E67F62D00650EE4 /* IQSegmentedNextPrevious.m */ = {isa = PBXFileReference; fileEncoding = 4; lastKnownFileType = sourcecode.c.objc; path = IQSegmentedNextPrevious.m; sourceTree = "<group>"; };
		A84DD5511E67F62D00650EE4 /* IQTextView.h */ = {isa = PBXFileReference; fileEncoding = 4; lastKnownFileType = sourcecode.c.h; path = IQTextView.h; sourceTree = "<group>"; };
		A84DD5521E67F62D00650EE4 /* IQTextView.m */ = {isa = PBXFileReference; fileEncoding = 4; lastKnownFileType = sourcecode.c.objc; path = IQTextView.m; sourceTree = "<group>"; };
		A84DD5541E67F62D00650EE4 /* IQBarButtonItem.h */ = {isa = PBXFileReference; fileEncoding = 4; lastKnownFileType = sourcecode.c.h; path = IQBarButtonItem.h; sourceTree = "<group>"; };
		A84DD5551E67F62D00650EE4 /* IQBarButtonItem.m */ = {isa = PBXFileReference; fileEncoding = 4; lastKnownFileType = sourcecode.c.objc; path = IQBarButtonItem.m; sourceTree = "<group>"; };
		A84DD5561E67F62D00650EE4 /* IQTitleBarButtonItem.h */ = {isa = PBXFileReference; fileEncoding = 4; lastKnownFileType = sourcecode.c.h; path = IQTitleBarButtonItem.h; sourceTree = "<group>"; };
		A84DD5571E67F62D00650EE4 /* IQTitleBarButtonItem.m */ = {isa = PBXFileReference; fileEncoding = 4; lastKnownFileType = sourcecode.c.objc; path = IQTitleBarButtonItem.m; sourceTree = "<group>"; };
		A84DD5581E67F62D00650EE4 /* IQToolbar.h */ = {isa = PBXFileReference; fileEncoding = 4; lastKnownFileType = sourcecode.c.h; path = IQToolbar.h; sourceTree = "<group>"; };
		A84DD5591E67F62D00650EE4 /* IQToolbar.m */ = {isa = PBXFileReference; fileEncoding = 4; lastKnownFileType = sourcecode.c.objc; path = IQToolbar.m; sourceTree = "<group>"; };
		A84DD55A1E67F62D00650EE4 /* IQUIView+IQKeyboardToolbar.h */ = {isa = PBXFileReference; fileEncoding = 4; lastKnownFileType = sourcecode.c.h; path = "IQUIView+IQKeyboardToolbar.h"; sourceTree = "<group>"; };
		A84DD55B1E67F62D00650EE4 /* IQUIView+IQKeyboardToolbar.m */ = {isa = PBXFileReference; fileEncoding = 4; lastKnownFileType = sourcecode.c.objc; path = "IQUIView+IQKeyboardToolbar.m"; sourceTree = "<group>"; };
		A84DD55C1E67F62D00650EE4 /* KeyboardManager.h */ = {isa = PBXFileReference; fileEncoding = 4; lastKnownFileType = sourcecode.c.h; path = KeyboardManager.h; sourceTree = "<group>"; };
		A84DD55E1E67F62D00650EE4 /* IQKeyboardManager.bundle */ = {isa = PBXFileReference; lastKnownFileType = "wrapper.plug-in"; path = IQKeyboardManager.bundle; sourceTree = "<group>"; };
		A84DD56D1E67F6AC00650EE4 /* UIButton+NMFBtn.h */ = {isa = PBXFileReference; fileEncoding = 4; lastKnownFileType = sourcecode.c.h; path = "UIButton+NMFBtn.h"; sourceTree = "<group>"; };
		A84DD56E1E67F6AC00650EE4 /* UIButton+NMFBtn.m */ = {isa = PBXFileReference; fileEncoding = 4; lastKnownFileType = sourcecode.c.objc; path = "UIButton+NMFBtn.m"; sourceTree = "<group>"; };
		A865FCB91E6E529100A20DFF /* NMFUser.h */ = {isa = PBXFileReference; fileEncoding = 4; lastKnownFileType = sourcecode.c.h; path = NMFUser.h; sourceTree = "<group>"; };
		A865FCBA1E6E529100A20DFF /* NMFUser.m */ = {isa = PBXFileReference; fileEncoding = 4; lastKnownFileType = sourcecode.c.objc; path = NMFUser.m; sourceTree = "<group>"; };
		A865FCBC1E6E54ED00A20DFF /* NMFAddress.h */ = {isa = PBXFileReference; fileEncoding = 4; lastKnownFileType = sourcecode.c.h; path = NMFAddress.h; sourceTree = "<group>"; };
		A865FCBD1E6E54ED00A20DFF /* NMFAddress.m */ = {isa = PBXFileReference; fileEncoding = 4; lastKnownFileType = sourcecode.c.objc; path = NMFAddress.m; sourceTree = "<group>"; };
		A865FCBF1E6E608300A20DFF /* NMFLoginViewModel.h */ = {isa = PBXFileReference; fileEncoding = 4; lastKnownFileType = sourcecode.c.h; path = NMFLoginViewModel.h; sourceTree = "<group>"; };
		A865FCC01E6E608300A20DFF /* NMFLoginViewModel.m */ = {isa = PBXFileReference; fileEncoding = 4; lastKnownFileType = sourcecode.c.objc; path = NMFLoginViewModel.m; sourceTree = "<group>"; };
		A865FCC21E6E62F000A20DFF /* NMFViewModelNavigationImpl.h */ = {isa = PBXFileReference; fileEncoding = 4; lastKnownFileType = sourcecode.c.h; path = NMFViewModelNavigationImpl.h; sourceTree = "<group>"; };
		A865FCC31E6E62F000A20DFF /* NMFViewModelNavigationImpl.m */ = {isa = PBXFileReference; fileEncoding = 4; lastKnownFileType = sourcecode.c.objc; path = NMFViewModelNavigationImpl.m; sourceTree = "<group>"; };
		A87643871E66C1C10038BF4F /* MVVM-RAC-2.app */ = {isa = PBXFileReference; explicitFileType = wrapper.application; includeInIndex = 0; path = "MVVM-RAC-2.app"; sourceTree = BUILT_PRODUCTS_DIR; };
		A876438B1E66C1C10038BF4F /* main.m */ = {isa = PBXFileReference; lastKnownFileType = sourcecode.c.objc; path = main.m; sourceTree = "<group>"; };
		A876438D1E66C1C10038BF4F /* AppDelegate.h */ = {isa = PBXFileReference; lastKnownFileType = sourcecode.c.h; path = AppDelegate.h; sourceTree = "<group>"; };
		A876438E1E66C1C10038BF4F /* AppDelegate.m */ = {isa = PBXFileReference; lastKnownFileType = sourcecode.c.objc; path = AppDelegate.m; sourceTree = "<group>"; };
		A87643961E66C1C10038BF4F /* Assets.xcassets */ = {isa = PBXFileReference; lastKnownFileType = folder.assetcatalog; path = Assets.xcassets; sourceTree = "<group>"; };
		A87643991E66C1C10038BF4F /* Base */ = {isa = PBXFileReference; lastKnownFileType = file.storyboard; name = Base; path = Base.lproj/LaunchScreen.storyboard; sourceTree = "<group>"; };
		A876439B1E66C1C10038BF4F /* Info.plist */ = {isa = PBXFileReference; lastKnownFileType = text.plist.xml; path = Info.plist; sourceTree = "<group>"; };
		A87643A11E66C22C0038BF4F /* MVVM-RAC-2.pch */ = {isa = PBXFileReference; lastKnownFileType = sourcecode.c.h; path = "MVVM-RAC-2.pch"; sourceTree = "<group>"; };
		A87643FE1E66CA950038BF4F /* NMFHomeViewController.h */ = {isa = PBXFileReference; fileEncoding = 4; lastKnownFileType = sourcecode.c.h; path = NMFHomeViewController.h; sourceTree = "<group>"; };
		A87643FF1E66CA950038BF4F /* NMFHomeViewController.m */ = {isa = PBXFileReference; fileEncoding = 4; lastKnownFileType = sourcecode.c.objc; path = NMFHomeViewController.m; sourceTree = "<group>"; };
		A87644011E66CAB90038BF4F /* NMFFoundViewController.h */ = {isa = PBXFileReference; fileEncoding = 4; lastKnownFileType = sourcecode.c.h; path = NMFFoundViewController.h; sourceTree = "<group>"; };
		A87644021E66CAB90038BF4F /* NMFFoundViewController.m */ = {isa = PBXFileReference; fileEncoding = 4; lastKnownFileType = sourcecode.c.objc; path = NMFFoundViewController.m; sourceTree = "<group>"; };
		A87644041E66CACE0038BF4F /* NMFMeViewController.h */ = {isa = PBXFileReference; fileEncoding = 4; lastKnownFileType = sourcecode.c.h; path = NMFMeViewController.h; sourceTree = "<group>"; };
		A87644051E66CACE0038BF4F /* NMFMeViewController.m */ = {isa = PBXFileReference; fileEncoding = 4; lastKnownFileType = sourcecode.c.objc; path = NMFMeViewController.m; sourceTree = "<group>"; };
		A87644071E66CB100038BF4F /* NMFShoppingCartViewController.h */ = {isa = PBXFileReference; fileEncoding = 4; lastKnownFileType = sourcecode.c.h; path = NMFShoppingCartViewController.h; sourceTree = "<group>"; };
		A87644081E66CB100038BF4F /* NMFShoppingCartViewController.m */ = {isa = PBXFileReference; fileEncoding = 4; lastKnownFileType = sourcecode.c.objc; path = NMFShoppingCartViewController.m; sourceTree = "<group>"; };
		A876440A1E66CB390038BF4F /* NMFCategoryViewController.h */ = {isa = PBXFileReference; fileEncoding = 4; lastKnownFileType = sourcecode.c.h; path = NMFCategoryViewController.h; sourceTree = "<group>"; };
		A876440B1E66CB390038BF4F /* NMFCategoryViewController.m */ = {isa = PBXFileReference; fileEncoding = 4; lastKnownFileType = sourcecode.c.objc; path = NMFCategoryViewController.m; sourceTree = "<group>"; };
		A8D05EAE1E6D3E88008B251B /* NMFMeHeaderView.h */ = {isa = PBXFileReference; fileEncoding = 4; lastKnownFileType = sourcecode.c.h; path = NMFMeHeaderView.h; sourceTree = "<group>"; };
		A8D05EAF1E6D3E88008B251B /* NMFMeHeaderView.m */ = {isa = PBXFileReference; fileEncoding = 4; lastKnownFileType = sourcecode.c.objc; path = NMFMeHeaderView.m; sourceTree = "<group>"; };
		A8D7261C1E67FA80004686B6 /* UIColor+Hex.h */ = {isa = PBXFileReference; fileEncoding = 4; lastKnownFileType = sourcecode.c.h; path = "UIColor+Hex.h"; sourceTree = "<group>"; };
		A8D7261D1E67FA80004686B6 /* UIColor+Hex.m */ = {isa = PBXFileReference; fileEncoding = 4; lastKnownFileType = sourcecode.c.objc; path = "UIColor+Hex.m"; sourceTree = "<group>"; };
		A8D7261F1E67FCAA004686B6 /* UIFont+NMF.h */ = {isa = PBXFileReference; fileEncoding = 4; lastKnownFileType = sourcecode.c.h; path = "UIFont+NMF.h"; sourceTree = "<group>"; };
		A8D726201E67FCAA004686B6 /* UIFont+NMF.m */ = {isa = PBXFileReference; fileEncoding = 4; lastKnownFileType = sourcecode.c.objc; path = "UIFont+NMF.m"; sourceTree = "<group>"; };
		A8D726221E67FF13004686B6 /* UILabel+NMF.h */ = {isa = PBXFileReference; fileEncoding = 4; lastKnownFileType = sourcecode.c.h; path = "UILabel+NMF.h"; sourceTree = "<group>"; };
		A8D726231E67FF13004686B6 /* UILabel+NMF.m */ = {isa = PBXFileReference; fileEncoding = 4; lastKnownFileType = sourcecode.c.objc; path = "UILabel+NMF.m"; sourceTree = "<group>"; };
		A8D726251E6800A0004686B6 /* UITextField+NMF.h */ = {isa = PBXFileReference; fileEncoding = 4; lastKnownFileType = sourcecode.c.h; path = "UITextField+NMF.h"; sourceTree = "<group>"; };
		A8D726261E6800A0004686B6 /* UITextField+NMF.m */ = {isa = PBXFileReference; fileEncoding = 4; lastKnownFileType = sourcecode.c.objc; path = "UITextField+NMF.m"; sourceTree = "<group>"; };
		A8D726281E680243004686B6 /* UIImage+NMF.h */ = {isa = PBXFileReference; fileEncoding = 4; lastKnownFileType = sourcecode.c.h; path = "UIImage+NMF.h"; sourceTree = "<group>"; };
		A8D726291E680243004686B6 /* UIImage+NMF.m */ = {isa = PBXFileReference; fileEncoding = 4; lastKnownFileType = sourcecode.c.objc; path = "UIImage+NMF.m"; sourceTree = "<group>"; };
		A8D7262B1E680AB3004686B6 /* NMFMeTableViewCell.h */ = {isa = PBXFileReference; fileEncoding = 4; lastKnownFileType = sourcecode.c.h; path = NMFMeTableViewCell.h; sourceTree = "<group>"; };
		A8D7262C1E680AB3004686B6 /* NMFMeTableViewCell.m */ = {isa = PBXFileReference; fileEncoding = 4; lastKnownFileType = sourcecode.c.objc; path = NMFMeTableViewCell.m; sourceTree = "<group>"; };
		A8D7262D1E680AB3004686B6 /* NMFMeTableViewCell.xib */ = {isa = PBXFileReference; fileEncoding = 4; lastKnownFileType = file.xib; path = NMFMeTableViewCell.xib; sourceTree = "<group>"; };
		A8F2BA181E77C31C0039DDF9 /* MeBtn.h */ = {isa = PBXFileReference; fileEncoding = 4; lastKnownFileType = sourcecode.c.h; path = MeBtn.h; sourceTree = "<group>"; };
		A8F2BA191E77C31C0039DDF9 /* MeBtn.m */ = {isa = PBXFileReference; fileEncoding = 4; lastKnownFileType = sourcecode.c.objc; path = MeBtn.m; sourceTree = "<group>"; };
		C42926175161F9CE45AB96A1 /* Pods-MVVM-RAC-2.debug.xcconfig */ = {isa = PBXFileReference; includeInIndex = 1; lastKnownFileType = text.xcconfig; name = "Pods-MVVM-RAC-2.debug.xcconfig"; path = "Pods/Target Support Files/Pods-MVVM-RAC-2/Pods-MVVM-RAC-2.debug.xcconfig"; sourceTree = "<group>"; };
/* End PBXFileReference section */

/* Begin PBXFrameworksBuildPhase section */
		A87643841E66C1C10038BF4F /* Frameworks */ = {
			isa = PBXFrameworksBuildPhase;
			buildActionMask = 2147483647;
			files = (
				8FEAB5AFD2F17AD67ADAE527 /* Pods_MVVM_RAC_2.framework in Frameworks */,
			);
			runOnlyForDeploymentPostprocessing = 0;
		};
/* End PBXFrameworksBuildPhase section */

/* Begin PBXGroup section */
		187BA3235B6DEA943572A7DC /* Frameworks */ = {
			isa = PBXGroup;
			children = (
				7960134931C7F9FD941B2762 /* Pods_MVVM_RAC_2.framework */,
			);
			name = Frameworks;
			sourceTree = "<group>";
		};
		597DC3CCCEBA85FD9E3A033E /* Pods */ = {
			isa = PBXGroup;
			children = (
				C42926175161F9CE45AB96A1 /* Pods-MVVM-RAC-2.debug.xcconfig */,
				9AEDE551782B86EA754BCFD5 /* Pods-MVVM-RAC-2.release.xcconfig */,
			);
			name = Pods;
			sourceTree = "<group>";
		};
		A84DD5121E67B6FE00650EE4 /* Controller */ = {
			isa = PBXGroup;
			children = (
				A84DD51E1E67B70700650EE4 /* Root */,
				A84DD5131E67B6FE00650EE4 /* BaseViewController.h */,
				A84DD5141E67B6FE00650EE4 /* BaseViewController.m */,
				A84DD5151E67B6FE00650EE4 /* NMFNavigationController.h */,
				A84DD5161E67B6FE00650EE4 /* NMFNavigationController.m */,
			);
			path = Controller;
			sourceTree = "<group>";
		};
		A84DD5191E67B6FE00650EE4 /* View */ = {
			isa = PBXGroup;
			children = (
			);
			path = View;
			sourceTree = "<group>";
		};
		A84DD51A1E67B6FE00650EE4 /* ViewModel */ = {
			isa = PBXGroup;
			children = (
				A84DD51F1E67B72400650EE4 /* NMFBaseViewModel.h */,
				A84DD5201E67B72400650EE4 /* NMFBaseViewModel.m */,
				A84DD5251E67B94900650EE4 /* NMFViewModelServices.h */,
				A865FCC21E6E62F000A20DFF /* NMFViewModelNavigationImpl.h */,
				A865FCC31E6E62F000A20DFF /* NMFViewModelNavigationImpl.m */,
			);
			path = ViewModel;
			sourceTree = "<group>";
		};
		A84DD51E1E67B70700650EE4 /* Root */ = {
			isa = PBXGroup;
			children = (
				A84DD5171E67B6FE00650EE4 /* RootViewController.h */,
				A84DD5181E67B6FE00650EE4 /* RootViewController.m */,
			);
			name = Root;
			sourceTree = "<group>";
		};
		A84DD53A1E67F62D00650EE4 /* IQKeyBoardManager */ = {
			isa = PBXGroup;
			children = (
				A84DD53B1E67F62D00650EE4 /* Categories */,
				A84DD5461E67F62D00650EE4 /* Constants */,
				A84DD5491E67F62D00650EE4 /* IQKeyboardManager.h */,
				A84DD54A1E67F62D00650EE4 /* IQKeyboardManager.m */,
				A84DD54B1E67F62D00650EE4 /* IQKeyboardReturnKeyHandler.h */,
				A84DD54C1E67F62D00650EE4 /* IQKeyboardReturnKeyHandler.m */,
				A84DD54D1E67F62D00650EE4 /* IQSegmentedNextPrevious */,
				A84DD5501E67F62D00650EE4 /* IQTextView */,
				A84DD5531E67F62D00650EE4 /* IQToolbar */,
				A84DD55C1E67F62D00650EE4 /* KeyboardManager.h */,
				A84DD55D1E67F62D00650EE4 /* Resources */,
			);
			path = IQKeyBoardManager;
			sourceTree = "<group>";
		};
		A84DD53B1E67F62D00650EE4 /* Categories */ = {
			isa = PBXGroup;
			children = (
				A84DD53C1E67F62D00650EE4 /* IQNSArray+Sort.h */,
				A84DD53D1E67F62D00650EE4 /* IQNSArray+Sort.m */,
				A84DD53E1E67F62D00650EE4 /* IQUITextFieldView+Additions.h */,
				A84DD53F1E67F62D00650EE4 /* IQUITextFieldView+Additions.m */,
				A84DD5401E67F62D00650EE4 /* IQUIView+Hierarchy.h */,
				A84DD5411E67F62D00650EE4 /* IQUIView+Hierarchy.m */,
				A84DD5421E67F62D00650EE4 /* IQUIViewController+Additions.h */,
				A84DD5431E67F62D00650EE4 /* IQUIViewController+Additions.m */,
				A84DD5441E67F62D00650EE4 /* IQUIWindow+Hierarchy.h */,
				A84DD5451E67F62D00650EE4 /* IQUIWindow+Hierarchy.m */,
			);
			path = Categories;
			sourceTree = "<group>";
		};
		A84DD5461E67F62D00650EE4 /* Constants */ = {
			isa = PBXGroup;
			children = (
				A84DD5471E67F62D00650EE4 /* IQKeyboardManagerConstants.h */,
				A84DD5481E67F62D00650EE4 /* IQKeyboardManagerConstantsInternal.h */,
			);
			path = Constants;
			sourceTree = "<group>";
		};
		A84DD54D1E67F62D00650EE4 /* IQSegmentedNextPrevious */ = {
			isa = PBXGroup;
			children = (
				A84DD54E1E67F62D00650EE4 /* IQSegmentedNextPrevious.h */,
				A84DD54F1E67F62D00650EE4 /* IQSegmentedNextPrevious.m */,
			);
			path = IQSegmentedNextPrevious;
			sourceTree = "<group>";
		};
		A84DD5501E67F62D00650EE4 /* IQTextView */ = {
			isa = PBXGroup;
			children = (
				A84DD5511E67F62D00650EE4 /* IQTextView.h */,
				A84DD5521E67F62D00650EE4 /* IQTextView.m */,
			);
			path = IQTextView;
			sourceTree = "<group>";
		};
		A84DD5531E67F62D00650EE4 /* IQToolbar */ = {
			isa = PBXGroup;
			children = (
				A84DD5541E67F62D00650EE4 /* IQBarButtonItem.h */,
				A84DD5551E67F62D00650EE4 /* IQBarButtonItem.m */,
				A84DD5561E67F62D00650EE4 /* IQTitleBarButtonItem.h */,
				A84DD5571E67F62D00650EE4 /* IQTitleBarButtonItem.m */,
				A84DD5581E67F62D00650EE4 /* IQToolbar.h */,
				A84DD5591E67F62D00650EE4 /* IQToolbar.m */,
				A84DD55A1E67F62D00650EE4 /* IQUIView+IQKeyboardToolbar.h */,
				A84DD55B1E67F62D00650EE4 /* IQUIView+IQKeyboardToolbar.m */,
			);
			path = IQToolbar;
			sourceTree = "<group>";
		};
		A84DD55D1E67F62D00650EE4 /* Resources */ = {
			isa = PBXGroup;
			children = (
				A84DD55E1E67F62D00650EE4 /* IQKeyboardManager.bundle */,
			);
			path = Resources;
			sourceTree = "<group>";
		};
		A865FCB81E6E527700A20DFF /* Model */ = {
			isa = PBXGroup;
			children = (
				A865FCB91E6E529100A20DFF /* NMFUser.h */,
				A865FCBA1E6E529100A20DFF /* NMFUser.m */,
				A865FCBC1E6E54ED00A20DFF /* NMFAddress.h */,
				A865FCBD1E6E54ED00A20DFF /* NMFAddress.m */,
			);
			path = Model;
			sourceTree = "<group>";
		};
		A876437E1E66C1C10038BF4F = {
			isa = PBXGroup;
			children = (
				A87643891E66C1C10038BF4F /* MVVM-RAC-2 */,
				A87643881E66C1C10038BF4F /* Products */,
				597DC3CCCEBA85FD9E3A033E /* Pods */,
				187BA3235B6DEA943572A7DC /* Frameworks */,
			);
			sourceTree = "<group>";
		};
		A87643881E66C1C10038BF4F /* Products */ = {
			isa = PBXGroup;
			children = (
				A87643871E66C1C10038BF4F /* MVVM-RAC-2.app */,
			);
			name = Products;
			sourceTree = "<group>";
		};
		A87643891E66C1C10038BF4F /* MVVM-RAC-2 */ = {
			isa = PBXGroup;
			children = (
				A876438D1E66C1C10038BF4F /* AppDelegate.h */,
				A876438E1E66C1C10038BF4F /* AppDelegate.m */,
				A87643BF1E66C5AF0038BF4F /* Class */,
				A87643D01E66C5AF0038BF4F /* Resource */,
				A87643D11E66C5AF0038BF4F /* Vendor */,
				A876438A1E66C1C10038BF4F /* Supporting Files */,
			);
			path = "MVVM-RAC-2";
			sourceTree = "<group>";
		};
		A876438A1E66C1C10038BF4F /* Supporting Files */ = {
			isa = PBXGroup;
			children = (
				A87643961E66C1C10038BF4F /* Assets.xcassets */,
				A87643981E66C1C10038BF4F /* LaunchScreen.storyboard */,
				A876439B1E66C1C10038BF4F /* Info.plist */,
				A87643A11E66C22C0038BF4F /* MVVM-RAC-2.pch */,
				A876438B1E66C1C10038BF4F /* main.m */,
			);
			name = "Supporting Files";
			sourceTree = "<group>";
		};
		A87643BF1E66C5AF0038BF4F /* Class */ = {
			isa = PBXGroup;
			children = (
				A87643D21E66C6160038BF4F /* Base */,
				A87643CF1E66C5AF0038BF4F /* Tool */,
				A87643C11E66C5AF0038BF4F /* Category */,
				A87643C21E66C5AF0038BF4F /* Common */,
				A87643C31E66C5AF0038BF4F /* Macro */,
				A87643C41E66C5AF0038BF4F /* Sender */,
			);
			path = Class;
			sourceTree = "<group>";
		};
		A87643C11E66C5AF0038BF4F /* Category */ = {
			isa = PBXGroup;
			children = (
				A84DD56D1E67F6AC00650EE4 /* UIButton+NMFBtn.h */,
				A84DD56E1E67F6AC00650EE4 /* UIButton+NMFBtn.m */,
				A8D726281E680243004686B6 /* UIImage+NMF.h */,
				A8D726291E680243004686B6 /* UIImage+NMF.m */,
				A8D7261C1E67FA80004686B6 /* UIColor+Hex.h */,
				A8D7261D1E67FA80004686B6 /* UIColor+Hex.m */,
				A8D7261F1E67FCAA004686B6 /* UIFont+NMF.h */,
				A8D726201E67FCAA004686B6 /* UIFont+NMF.m */,
				A8D726221E67FF13004686B6 /* UILabel+NMF.h */,
				A8D726231E67FF13004686B6 /* UILabel+NMF.m */,
				A8D726251E6800A0004686B6 /* UITextField+NMF.h */,
				A8D726261E6800A0004686B6 /* UITextField+NMF.m */,
			);
			path = Category;
			sourceTree = "<group>";
		};
		A87643C21E66C5AF0038BF4F /* Common */ = {
			isa = PBXGroup;
			children = (
			);
			path = Common;
			sourceTree = "<group>";
		};
		A87643C31E66C5AF0038BF4F /* Macro */ = {
			isa = PBXGroup;
			children = (
				A84DD5341E67C11200650EE4 /* NMFColorHeader.h */,
				A84DD5381E67F3E900650EE4 /* NMFMacro.h */,
				A84DD5391E67F3F000650EE4 /* NMFURLMacro.h */,
			);
			path = Macro;
			sourceTree = "<group>";
		};
		A87643C41E66C5AF0038BF4F /* Sender */ = {
			isa = PBXGroup;
			children = (
				A87643E61E66C82B0038BF4F /* 首页 */,
				A87643DC1E66C82B0038BF4F /* 分类 */,
				A87643D71E66C82B0038BF4F /* 发现 */,
				A87643E11E66C82B0038BF4F /* 购物车 */,
				A87643EB1E66C82B0038BF4F /* 我的 */,
				A87643F01E66C82B0038BF4F /* Login */,
			);
			path = Sender;
			sourceTree = "<group>";
		};
		A87643CF1E66C5AF0038BF4F /* Tool */ = {
			isa = PBXGroup;
			children = (
			);
			path = Tool;
			sourceTree = "<group>";
		};
		A87643D01E66C5AF0038BF4F /* Resource */ = {
			isa = PBXGroup;
			children = (
			);
			path = Resource;
			sourceTree = "<group>";
		};
		A87643D11E66C5AF0038BF4F /* Vendor */ = {
			isa = PBXGroup;
			children = (
				A84DD53A1E67F62D00650EE4 /* IQKeyBoardManager */,
			);
			path = Vendor;
			sourceTree = "<group>";
		};
		A87643D21E66C6160038BF4F /* Base */ = {
			isa = PBXGroup;
			children = (
				A84DD5121E67B6FE00650EE4 /* Controller */,
				A84DD5191E67B6FE00650EE4 /* View */,
				A84DD51A1E67B6FE00650EE4 /* ViewModel */,
				A865FCB81E6E527700A20DFF /* Model */,
			);
			path = Base;
			sourceTree = "<group>";
		};
		A87643D71E66C82B0038BF4F /* 发现 */ = {
			isa = PBXGroup;
			children = (
				A87643D81E66C82B0038BF4F /* Controller */,
				A87643D91E66C82B0038BF4F /* Model */,
				A87643DA1E66C82B0038BF4F /* View */,
				A87643DB1E66C82B0038BF4F /* ViewModel */,
			);
			path = "发现";
			sourceTree = "<group>";
		};
		A87643D81E66C82B0038BF4F /* Controller */ = {
			isa = PBXGroup;
			children = (
				A87644011E66CAB90038BF4F /* NMFFoundViewController.h */,
				A87644021E66CAB90038BF4F /* NMFFoundViewController.m */,
			);
			path = Controller;
			sourceTree = "<group>";
		};
		A87643D91E66C82B0038BF4F /* Model */ = {
			isa = PBXGroup;
			children = (
			);
			path = Model;
			sourceTree = "<group>";
		};
		A87643DA1E66C82B0038BF4F /* View */ = {
			isa = PBXGroup;
			children = (
			);
			path = View;
			sourceTree = "<group>";
		};
		A87643DB1E66C82B0038BF4F /* ViewModel */ = {
			isa = PBXGroup;
			children = (
				A84DD5291E67BB6400650EE4 /* NMFFoundViewModel.h */,
				A84DD52A1E67BB6400650EE4 /* NMFFoundViewModel.m */,
			);
			path = ViewModel;
			sourceTree = "<group>";
		};
		A87643DC1E66C82B0038BF4F /* 分类 */ = {
			isa = PBXGroup;
			children = (
				A87643DD1E66C82B0038BF4F /* Controller */,
				A87643DE1E66C82B0038BF4F /* Model */,
				A87643DF1E66C82B0038BF4F /* View */,
				A87643E01E66C82B0038BF4F /* ViewModel */,
			);
			path = "分类";
			sourceTree = "<group>";
		};
		A87643DD1E66C82B0038BF4F /* Controller */ = {
			isa = PBXGroup;
			children = (
				A876440A1E66CB390038BF4F /* NMFCategoryViewController.h */,
				A876440B1E66CB390038BF4F /* NMFCategoryViewController.m */,
			);
			path = Controller;
			sourceTree = "<group>";
		};
		A87643DE1E66C82B0038BF4F /* Model */ = {
			isa = PBXGroup;
			children = (
			);
			path = Model;
			sourceTree = "<group>";
		};
		A87643DF1E66C82B0038BF4F /* View */ = {
			isa = PBXGroup;
			children = (
			);
			path = View;
			sourceTree = "<group>";
		};
		A87643E01E66C82B0038BF4F /* ViewModel */ = {
			isa = PBXGroup;
			children = (
				A84DD5261E67BB3A00650EE4 /* NMFCategoryViewModel.h */,
				A84DD5271E67BB3A00650EE4 /* NMFCategoryViewModel.m */,
			);
			path = ViewModel;
			sourceTree = "<group>";
		};
		A87643E11E66C82B0038BF4F /* 购物车 */ = {
			isa = PBXGroup;
			children = (
				A87643E21E66C82B0038BF4F /* Controller */,
				A87643E31E66C82B0038BF4F /* Model */,
				A87643E41E66C82B0038BF4F /* View */,
				A87643E51E66C82B0038BF4F /* ViewModel */,
			);
			path = "购物车";
			sourceTree = "<group>";
		};
		A87643E21E66C82B0038BF4F /* Controller */ = {
			isa = PBXGroup;
			children = (
				A87644071E66CB100038BF4F /* NMFShoppingCartViewController.h */,
				A87644081E66CB100038BF4F /* NMFShoppingCartViewController.m */,
			);
			path = Controller;
			sourceTree = "<group>";
		};
		A87643E31E66C82B0038BF4F /* Model */ = {
			isa = PBXGroup;
			children = (
			);
			path = Model;
			sourceTree = "<group>";
		};
		A87643E41E66C82B0038BF4F /* View */ = {
			isa = PBXGroup;
			children = (
			);
			path = View;
			sourceTree = "<group>";
		};
		A87643E51E66C82B0038BF4F /* ViewModel */ = {
			isa = PBXGroup;
			children = (
				A84DD52C1E67BB8300650EE4 /* NMFShoppingCartViewModel.h */,
				A84DD52D1E67BB8300650EE4 /* NMFShoppingCartViewModel.m */,
			);
			path = ViewModel;
			sourceTree = "<group>";
		};
		A87643E61E66C82B0038BF4F /* 首页 */ = {
			isa = PBXGroup;
			children = (
				A87643E71E66C82B0038BF4F /* Controller */,
				A87643E81E66C82B0038BF4F /* Model */,
				A87643E91E66C82B0038BF4F /* View */,
				A87643EA1E66C82B0038BF4F /* ViewModel */,
			);
			path = "首页";
			sourceTree = "<group>";
		};
		A87643E71E66C82B0038BF4F /* Controller */ = {
			isa = PBXGroup;
			children = (
				A87643FE1E66CA950038BF4F /* NMFHomeViewController.h */,
				A87643FF1E66CA950038BF4F /* NMFHomeViewController.m */,
			);
			path = Controller;
			sourceTree = "<group>";
		};
		A87643E81E66C82B0038BF4F /* Model */ = {
			isa = PBXGroup;
			children = (
			);
			path = Model;
			sourceTree = "<group>";
		};
		A87643E91E66C82B0038BF4F /* View */ = {
			isa = PBXGroup;
			children = (
			);
			path = View;
			sourceTree = "<group>";
		};
		A87643EA1E66C82B0038BF4F /* ViewModel */ = {
			isa = PBXGroup;
			children = (
				A84DD5221E67B8EB00650EE4 /* NMFHomeViewModel.h */,
				A84DD5231E67B8EB00650EE4 /* NMFHomeViewModel.m */,
			);
			path = ViewModel;
			sourceTree = "<group>";
		};
		A87643EB1E66C82B0038BF4F /* 我的 */ = {
			isa = PBXGroup;
			children = (
				A87643EC1E66C82B0038BF4F /* Controller */,
				A87643ED1E66C82B0038BF4F /* Model */,
				A87643EE1E66C82B0038BF4F /* View */,
				A87643EF1E66C82B0038BF4F /* ViewModel */,
			);
			path = "我的";
			sourceTree = "<group>";
		};
		A87643EC1E66C82B0038BF4F /* Controller */ = {
			isa = PBXGroup;
			children = (
				A87644041E66CACE0038BF4F /* NMFMeViewController.h */,
				A87644051E66CACE0038BF4F /* NMFMeViewController.m */,
			);
			path = Controller;
			sourceTree = "<group>";
		};
		A87643ED1E66C82B0038BF4F /* Model */ = {
			isa = PBXGroup;
			children = (
			);
			path = Model;
			sourceTree = "<group>";
		};
		A87643EE1E66C82B0038BF4F /* View */ = {
			isa = PBXGroup;
			children = (
				A8D7262B1E680AB3004686B6 /* NMFMeTableViewCell.h */,
				A8D7262C1E680AB3004686B6 /* NMFMeTableViewCell.m */,
				A8D7262D1E680AB3004686B6 /* NMFMeTableViewCell.xib */,
				A8D05EAE1E6D3E88008B251B /* NMFMeHeaderView.h */,
				A8D05EAF1E6D3E88008B251B /* NMFMeHeaderView.m */,
				A8F2BA181E77C31C0039DDF9 /* MeBtn.h */,
				A8F2BA191E77C31C0039DDF9 /* MeBtn.m */,
			);
			path = View;
			sourceTree = "<group>";
		};
		A87643EF1E66C82B0038BF4F /* ViewModel */ = {
			isa = PBXGroup;
			children = (
				A84DD52F1E67BBB800650EE4 /* NMFMeViewModel.h */,
				A84DD5301E67BBB800650EE4 /* NMFMeViewModel.m */,
			);
			path = ViewModel;
			sourceTree = "<group>";
		};
		A87643F01E66C82B0038BF4F /* Login */ = {
			isa = PBXGroup;
			children = (
				A87643F11E66C82B0038BF4F /* Controller */,
				A87643F21E66C82B0038BF4F /* Model */,
				A87643F31E66C82B0038BF4F /* View */,
				A87643F41E66C82B0038BF4F /* ViewModel */,
			);
			path = Login;
			sourceTree = "<group>";
		};
		A87643F11E66C82B0038BF4F /* Controller */ = {
			isa = PBXGroup;
			children = (
			);
			path = Controller;
			sourceTree = "<group>";
		};
		A87643F21E66C82B0038BF4F /* Model */ = {
			isa = PBXGroup;
			children = (
			);
			path = Model;
			sourceTree = "<group>";
		};
		A87643F31E66C82B0038BF4F /* View */ = {
			isa = PBXGroup;
			children = (
			);
			path = View;
			sourceTree = "<group>";
		};
		A87643F41E66C82B0038BF4F /* ViewModel */ = {
			isa = PBXGroup;
			children = (
				A865FCBF1E6E608300A20DFF /* NMFLoginViewModel.h */,
				A865FCC01E6E608300A20DFF /* NMFLoginViewModel.m */,
			);
			path = ViewModel;
			sourceTree = "<group>";
		};
/* End PBXGroup section */

/* Begin PBXNativeTarget section */
		A87643861E66C1C10038BF4F /* MVVM-RAC-2 */ = {
			isa = PBXNativeTarget;
			buildConfigurationList = A876439E1E66C1C10038BF4F /* Build configuration list for PBXNativeTarget "MVVM-RAC-2" */;
			buildPhases = (
				58DA8B4125B94052A69E38A5 /* [CP] Check Pods Manifest.lock */,
				A87643831E66C1C10038BF4F /* Sources */,
				A87643841E66C1C10038BF4F /* Frameworks */,
				A87643851E66C1C10038BF4F /* Resources */,
				0B76CC3716D41F6B9110F990 /* [CP] Embed Pods Frameworks */,
				B3D63342C64D761CA57B2F83 /* [CP] Copy Pods Resources */,
			);
			buildRules = (
			);
			dependencies = (
			);
			name = "MVVM-RAC-2";
			productName = "MVVM-RAC-2";
			productReference = A87643871E66C1C10038BF4F /* MVVM-RAC-2.app */;
			productType = "com.apple.product-type.application";
		};
/* End PBXNativeTarget section */

/* Begin PBXProject section */
		A876437F1E66C1C10038BF4F /* Project object */ = {
			isa = PBXProject;
			attributes = {
				LastUpgradeCheck = 0810;
				ORGANIZATIONNAME = "Meng Fan";
				TargetAttributes = {
					A87643861E66C1C10038BF4F = {
						CreatedOnToolsVersion = 8.1;
						ProvisioningStyle = Automatic;
					};
				};
			};
			buildConfigurationList = A87643821E66C1C10038BF4F /* Build configuration list for PBXProject "MVVM-RAC-2" */;
			compatibilityVersion = "Xcode 3.2";
			developmentRegion = English;
			hasScannedForEncodings = 0;
			knownRegions = (
				en,
				Base,
			);
			mainGroup = A876437E1E66C1C10038BF4F;
			productRefGroup = A87643881E66C1C10038BF4F /* Products */;
			projectDirPath = "";
			projectRoot = "";
			targets = (
				A87643861E66C1C10038BF4F /* MVVM-RAC-2 */,
			);
		};
/* End PBXProject section */

/* Begin PBXResourcesBuildPhase section */
		A87643851E66C1C10038BF4F /* Resources */ = {
			isa = PBXResourcesBuildPhase;
			buildActionMask = 2147483647;
			files = (
				A876439A1E66C1C10038BF4F /* LaunchScreen.storyboard in Resources */,
				A8D7262F1E680AB3004686B6 /* NMFMeTableViewCell.xib in Resources */,
				A87643971E66C1C10038BF4F /* Assets.xcassets in Resources */,
				A84DD56C1E67F62D00650EE4 /* IQKeyboardManager.bundle in Resources */,
			);
			runOnlyForDeploymentPostprocessing = 0;
		};
/* End PBXResourcesBuildPhase section */

/* Begin PBXShellScriptBuildPhase section */
		0B76CC3716D41F6B9110F990 /* [CP] Embed Pods Frameworks */ = {
			isa = PBXShellScriptBuildPhase;
			buildActionMask = 2147483647;
			files = (
			);
			inputPaths = (
			);
			name = "[CP] Embed Pods Frameworks";
			outputPaths = (
			);
			runOnlyForDeploymentPostprocessing = 0;
			shellPath = /bin/sh;
			shellScript = "\"${SRCROOT}/Pods/Target Support Files/Pods-MVVM-RAC-2/Pods-MVVM-RAC-2-frameworks.sh\"\n";
			showEnvVarsInLog = 0;
		};
		58DA8B4125B94052A69E38A5 /* [CP] Check Pods Manifest.lock */ = {
			isa = PBXShellScriptBuildPhase;
			buildActionMask = 2147483647;
			files = (
			);
			inputPaths = (
			);
			name = "[CP] Check Pods Manifest.lock";
			outputPaths = (
			);
			runOnlyForDeploymentPostprocessing = 0;
			shellPath = /bin/sh;
			shellScript = "diff \"${PODS_ROOT}/../Podfile.lock\" \"${PODS_ROOT}/Manifest.lock\" > /dev/null\nif [[ $? != 0 ]] ; then\n    cat << EOM\nerror: The sandbox is not in sync with the Podfile.lock. Run 'pod install' or update your CocoaPods installation.\nEOM\n    exit 1\nfi\n";
			showEnvVarsInLog = 0;
		};
		B3D63342C64D761CA57B2F83 /* [CP] Copy Pods Resources */ = {
			isa = PBXShellScriptBuildPhase;
			buildActionMask = 2147483647;
			files = (
			);
			inputPaths = (
			);
			name = "[CP] Copy Pods Resources";
			outputPaths = (
			);
			runOnlyForDeploymentPostprocessing = 0;
			shellPath = /bin/sh;
			shellScript = "\"${SRCROOT}/Pods/Target Support Files/Pods-MVVM-RAC-2/Pods-MVVM-RAC-2-resources.sh\"\n";
			showEnvVarsInLog = 0;
		};
/* End PBXShellScriptBuildPhase section */

/* Begin PBXSourcesBuildPhase section */
		A87643831E66C1C10038BF4F /* Sources */ = {
			isa = PBXSourcesBuildPhase;
			buildActionMask = 2147483647;
			files = (
				A8D7262A1E680243004686B6 /* UIImage+NMF.m in Sources */,
				A87644091E66CB100038BF4F /* NMFShoppingCartViewController.m in Sources */,
				A865FCC41E6E62F000A20DFF /* NMFViewModelNavigationImpl.m in Sources */,
				A84DD51B1E67B6FE00650EE4 /* BaseViewController.m in Sources */,
				A8D05EB01E6D3E88008B251B /* NMFMeHeaderView.m in Sources */,
				A865FCC11E6E608300A20DFF /* NMFLoginViewModel.m in Sources */,
				A865FCBE1E6E54ED00A20DFF /* NMFAddress.m in Sources */,
				A87644031E66CAB90038BF4F /* NMFFoundViewController.m in Sources */,
				A84DD52B1E67BB6400650EE4 /* NMFFoundViewModel.m in Sources */,
				A865FCBB1E6E529100A20DFF /* NMFUser.m in Sources */,
				A8D7262E1E680AB3004686B6 /* NMFMeTableViewCell.m in Sources */,
				A84DD5641E67F62D00650EE4 /* IQKeyboardManager.m in Sources */,
				A84DD5651E67F62D00650EE4 /* IQKeyboardReturnKeyHandler.m in Sources */,
				A84DD55F1E67F62D00650EE4 /* IQNSArray+Sort.m in Sources */,
				A84DD5611E67F62D00650EE4 /* IQUIView+Hierarchy.m in Sources */,
				A8D726211E67FCAA004686B6 /* UIFont+NMF.m in Sources */,
				A8D726271E6800A0004686B6 /* UITextField+NMF.m in Sources */,
				A84DD5621E67F62D00650EE4 /* IQUIViewController+Additions.m in Sources */,
				A8F2BA1A1E77C31C0039DDF9 /* MeBtn.m in Sources */,
				A84DD51C1E67B6FE00650EE4 /* NMFNavigationController.m in Sources */,
				A84DD5601E67F62D00650EE4 /* IQUITextFieldView+Additions.m in Sources */,
				A8D7261E1E67FA80004686B6 /* UIColor+Hex.m in Sources */,
				A84DD5631E67F62D00650EE4 /* IQUIWindow+Hierarchy.m in Sources */,
				A84DD52E1E67BB8300650EE4 /* NMFShoppingCartViewModel.m in Sources */,
				A84DD5691E67F62D00650EE4 /* IQTitleBarButtonItem.m in Sources */,
				A84DD51D1E67B6FE00650EE4 /* RootViewController.m in Sources */,
				A84DD5661E67F62D00650EE4 /* IQSegmentedNextPrevious.m in Sources */,
				A876438F1E66C1C10038BF4F /* AppDelegate.m in Sources */,
				A84DD56B1E67F62D00650EE4 /* IQUIView+IQKeyboardToolbar.m in Sources */,
				A84DD5281E67BB3A00650EE4 /* NMFCategoryViewModel.m in Sources */,
				A87644061E66CACE0038BF4F /* NMFMeViewController.m in Sources */,
				A84DD5671E67F62D00650EE4 /* IQTextView.m in Sources */,
				A84DD5311E67BBB800650EE4 /* NMFMeViewModel.m in Sources */,
				A84DD56F1E67F6AC00650EE4 /* UIButton+NMFBtn.m in Sources */,
				A84DD5681E67F62D00650EE4 /* IQBarButtonItem.m in Sources */,
				A84DD5241E67B8EB00650EE4 /* NMFHomeViewModel.m in Sources */,
				A84DD56A1E67F62D00650EE4 /* IQToolbar.m in Sources */,
				A84DD5211E67B72400650EE4 /* NMFBaseViewModel.m in Sources */,
				A87644001E66CA950038BF4F /* NMFHomeViewController.m in Sources */,
				A876440C1E66CB390038BF4F /* NMFCategoryViewController.m in Sources */,
				A8D726241E67FF13004686B6 /* UILabel+NMF.m in Sources */,
				A876438C1E66C1C10038BF4F /* main.m in Sources */,
			);
			runOnlyForDeploymentPostprocessing = 0;
		};
/* End PBXSourcesBuildPhase section */

/* Begin PBXVariantGroup section */
		A87643981E66C1C10038BF4F /* LaunchScreen.storyboard */ = {
			isa = PBXVariantGroup;
			children = (
				A87643991E66C1C10038BF4F /* Base */,
			);
			name = LaunchScreen.storyboard;
			sourceTree = "<group>";
		};
/* End PBXVariantGroup section */

/* Begin XCBuildConfiguration section */
		A876439C1E66C1C10038BF4F /* Debug */ = {
			isa = XCBuildConfiguration;
			buildSettings = {
				ALWAYS_SEARCH_USER_PATHS = NO;
				CLANG_ANALYZER_NONNULL = YES;
				CLANG_CXX_LANGUAGE_STANDARD = "gnu++0x";
				CLANG_CXX_LIBRARY = "libc++";
				CLANG_ENABLE_MODULES = YES;
				CLANG_ENABLE_OBJC_ARC = YES;
				CLANG_WARN_BOOL_CONVERSION = YES;
				CLANG_WARN_CONSTANT_CONVERSION = YES;
				CLANG_WARN_DIRECT_OBJC_ISA_USAGE = YES_ERROR;
				CLANG_WARN_DOCUMENTATION_COMMENTS = YES;
				CLANG_WARN_EMPTY_BODY = YES;
				CLANG_WARN_ENUM_CONVERSION = YES;
				CLANG_WARN_INFINITE_RECURSION = YES;
				CLANG_WARN_INT_CONVERSION = YES;
				CLANG_WARN_OBJC_ROOT_CLASS = YES_ERROR;
				CLANG_WARN_SUSPICIOUS_MOVES = YES;
				CLANG_WARN_UNREACHABLE_CODE = YES;
				CLANG_WARN__DUPLICATE_METHOD_MATCH = YES;
				"CODE_SIGN_IDENTITY[sdk=iphoneos*]" = "iPhone Developer";
				COPY_PHASE_STRIP = NO;
				DEBUG_INFORMATION_FORMAT = dwarf;
				ENABLE_STRICT_OBJC_MSGSEND = YES;
				ENABLE_TESTABILITY = YES;
				GCC_C_LANGUAGE_STANDARD = gnu99;
				GCC_DYNAMIC_NO_PIC = NO;
				GCC_NO_COMMON_BLOCKS = YES;
				GCC_OPTIMIZATION_LEVEL = 0;
				GCC_PREPROCESSOR_DEFINITIONS = (
					"DEBUG=1",
					"$(inherited)",
				);
				GCC_WARN_64_TO_32_BIT_CONVERSION = YES;
				GCC_WARN_ABOUT_RETURN_TYPE = YES_ERROR;
				GCC_WARN_UNDECLARED_SELECTOR = YES;
				GCC_WARN_UNINITIALIZED_AUTOS = YES_AGGRESSIVE;
				GCC_WARN_UNUSED_FUNCTION = YES;
				GCC_WARN_UNUSED_VARIABLE = YES;
				IPHONEOS_DEPLOYMENT_TARGET = 10.1;
				MTL_ENABLE_DEBUG_INFO = YES;
				ONLY_ACTIVE_ARCH = YES;
				SDKROOT = iphoneos;
			};
			name = Debug;
		};
		A876439D1E66C1C10038BF4F /* Release */ = {
			isa = XCBuildConfiguration;
			buildSettings = {
				ALWAYS_SEARCH_USER_PATHS = NO;
				CLANG_ANALYZER_NONNULL = YES;
				CLANG_CXX_LANGUAGE_STANDARD = "gnu++0x";
				CLANG_CXX_LIBRARY = "libc++";
				CLANG_ENABLE_MODULES = YES;
				CLANG_ENABLE_OBJC_ARC = YES;
				CLANG_WARN_BOOL_CONVERSION = YES;
				CLANG_WARN_CONSTANT_CONVERSION = YES;
				CLANG_WARN_DIRECT_OBJC_ISA_USAGE = YES_ERROR;
				CLANG_WARN_DOCUMENTATION_COMMENTS = YES;
				CLANG_WARN_EMPTY_BODY = YES;
				CLANG_WARN_ENUM_CONVERSION = YES;
				CLANG_WARN_INFINITE_RECURSION = YES;
				CLANG_WARN_INT_CONVERSION = YES;
				CLANG_WARN_OBJC_ROOT_CLASS = YES_ERROR;
				CLANG_WARN_SUSPICIOUS_MOVES = YES;
				CLANG_WARN_UNREACHABLE_CODE = YES;
				CLANG_WARN__DUPLICATE_METHOD_MATCH = YES;
				"CODE_SIGN_IDENTITY[sdk=iphoneos*]" = "iPhone Developer";
				COPY_PHASE_STRIP = NO;
				DEBUG_INFORMATION_FORMAT = "dwarf-with-dsym";
				ENABLE_NS_ASSERTIONS = NO;
				ENABLE_STRICT_OBJC_MSGSEND = YES;
				GCC_C_LANGUAGE_STANDARD = gnu99;
				GCC_NO_COMMON_BLOCKS = YES;
				GCC_WARN_64_TO_32_BIT_CONVERSION = YES;
				GCC_WARN_ABOUT_RETURN_TYPE = YES_ERROR;
				GCC_WARN_UNDECLARED_SELECTOR = YES;
				GCC_WARN_UNINITIALIZED_AUTOS = YES_AGGRESSIVE;
				GCC_WARN_UNUSED_FUNCTION = YES;
				GCC_WARN_UNUSED_VARIABLE = YES;
				IPHONEOS_DEPLOYMENT_TARGET = 10.1;
				MTL_ENABLE_DEBUG_INFO = NO;
				SDKROOT = iphoneos;
				VALIDATE_PRODUCT = YES;
			};
			name = Release;
		};
		A876439F1E66C1C10038BF4F /* Debug */ = {
			isa = XCBuildConfiguration;
			baseConfigurationReference = C42926175161F9CE45AB96A1 /* Pods-MVVM-RAC-2.debug.xcconfig */;
			buildSettings = {
				ASSETCATALOG_COMPILER_APPICON_NAME = AppIcon;
				GCC_PREFIX_HEADER = "$(SRCROOT)/MVVM-RAC-2/MVVM-RAC-2.pch";
				INFOPLIST_FILE = "MVVM-RAC-2/Info.plist";
				IPHONEOS_DEPLOYMENT_TARGET = 9.0;
				LD_RUNPATH_SEARCH_PATHS = "$(inherited) @executable_path/Frameworks";
				PRODUCT_BUNDLE_IDENTIFIER = "com.dk.MVVM-RAC-2";
				PRODUCT_NAME = "$(TARGET_NAME)";
			};
			name = Debug;
		};
		A87643A01E66C1C10038BF4F /* Release */ = {
			isa = XCBuildConfiguration;
			baseConfigurationReference = 9AEDE551782B86EA754BCFD5 /* Pods-MVVM-RAC-2.release.xcconfig */;
			buildSettings = {
				ASSETCATALOG_COMPILER_APPICON_NAME = AppIcon;
				GCC_PREFIX_HEADER = "$(SRCROOT)/MVVM-RAC-2/MVVM-RAC-2.pch";
				INFOPLIST_FILE = "MVVM-RAC-2/Info.plist";
				IPHONEOS_DEPLOYMENT_TARGET = 9.0;
				LD_RUNPATH_SEARCH_PATHS = "$(inherited) @executable_path/Frameworks";
				PRODUCT_BUNDLE_IDENTIFIER = "com.dk.MVVM-RAC-2";
				PRODUCT_NAME = "$(TARGET_NAME)";
			};
			name = Release;
		};
/* End XCBuildConfiguration section */

/* Begin XCConfigurationList section */
		A87643821E66C1C10038BF4F /* Build configuration list for PBXProject "MVVM-RAC-2" */ = {
			isa = XCConfigurationList;
			buildConfigurations = (
				A876439C1E66C1C10038BF4F /* Debug */,
				A876439D1E66C1C10038BF4F /* Release */,
			);
			defaultConfigurationIsVisible = 0;
			defaultConfigurationName = Release;
		};
		A876439E1E66C1C10038BF4F /* Build configuration list for PBXNativeTarget "MVVM-RAC-2" */ = {
			isa = XCConfigurationList;
			buildConfigurations = (
				A876439F1E66C1C10038BF4F /* Debug */,
				A87643A01E66C1C10038BF4F /* Release */,
			);
			defaultConfigurationIsVisible = 0;
			defaultConfigurationName = Release;
		};
/* End XCConfigurationList section */
	};
	rootObject = A876437F1E66C1C10038BF4F /* Project object */;
}
